{
  "name": "elastigantt",
  "version": "0.0.20",
  "lockfileVersion": 1,
  "requires": true,
  "dependencies": {
    "@types/estree": {
      "version": "0.0.39",
      "resolved": "https://registry.npmjs.org/@types/estree/-/estree-0.0.39.tgz",
      "integrity": "sha512-EYNwp3bU+98cpU4lAWYYL7Zz+2gryWH1qbdDTidVd6hkiR6weksdbMadyXKXNPEkQFhXM+hVO9ZygomHXp+AIw==",
      "dev": true
    },
    "@types/node": {
      "version": "10.5.2",
      "resolved": "https://registry.npmjs.org/@types/node/-/node-10.5.2.tgz",
      "integrity": "sha512-m9zXmifkZsMHZBOyxZWilMwmTlpC8x5Ty360JKTiXvlXZfBWYpsg9ZZvP/Ye+iZUh+Q+MxDLjItVTWIsfwz+8Q==",
      "dev": true
    },
    "builtin-modules": {
      "version": "2.0.0",
      "resolved": "https://registry.npmjs.org/builtin-modules/-/builtin-modules-2.0.0.tgz",
      "integrity": "sha512-3U5kUA5VPsRUA3nofm/BXX7GVHKfxz0hOBAPxXrIvHzlDRkQVqEn6yi8QJegxl4LzOHLdvb7XF5dVawa/VVYBg==",
      "dev": true
    },
    "dayjs": {
      "version": "1.7.5",
      "resolved": "https://registry.npmjs.org/dayjs/-/dayjs-1.7.5.tgz",
      "integrity": "sha512-OzkAcosqOgWgQF+dQTXO/iaSGa3hMs/sSkfzkxwWpZXqJEbaA0V6O1V+Ew2tGBlTz1r7Rb7opU3w8ympWb9d2Q=="
    },
    "is-module": {
      "version": "1.0.0",
      "resolved": "https://registry.npmjs.org/is-module/-/is-module-1.0.0.tgz",
      "integrity": "sha1-Mlj7afeMFNW4FdZkM2tM/7ZEFZE=",
      "dev": true
    },
    "path-parse": {
      "version": "1.0.5",
      "resolved": "https://registry.npmjs.org/path-parse/-/path-parse-1.0.5.tgz",
      "integrity": "sha1-PBrfhx6pzWyUMbbqK9dKD/BVxME=",
      "dev": true
    },
    "resolve": {
      "version": "1.8.1",
      "resolved": "https://registry.npmjs.org/resolve/-/resolve-1.8.1.tgz",
      "integrity": "sha512-AicPrAC7Qu1JxPCZ9ZgCZlY35QgFnNqc+0LtbRNxnVw4TXvjQ72wnuL9JQcEBgXkI9JM8MsT9kaQoHcpCRJOYA==",
      "dev": true,
      "requires": {
        "path-parse": "^1.0.5"
      }
    },
    "rollup": {
      "version": "0.62.0",
      "resolved": "https://registry.npmjs.org/rollup/-/rollup-0.62.0.tgz",
      "integrity": "sha512-mZS0aIGfYzuJySJD78znu9/hCJsNfBzg4lDuZGMj0hFVcYHt2evNRHv8aqiu9/w6z6Qn8AQoVl4iyEjDmisGeA==",
      "dev": true,
      "requires": {
        "@types/estree": "0.0.39",
        "@types/node": "*"
      }
    },
    "rollup-plugin-node-resolve": {
      "version": "3.3.0",
      "resolved": "https://registry.npmjs.org/rollup-plugin-node-resolve/-/rollup-plugin-node-resolve-3.3.0.tgz",
      "integrity": "sha512-9zHGr3oUJq6G+X0oRMYlzid9fXicBdiydhwGChdyeNRGPcN/majtegApRKHLR5drboUvEWU+QeUmGTyEZQs3WA==",
      "dev": true,
      "requires": {
        "builtin-modules": "^2.0.0",
        "is-module": "^1.0.0",
        "resolve": "^1.1.6"
      }
    }
  }
}
